
Microsoft Visual Studio Solution File, Format Version 12.00
Project("{FAE04EC0-301F-11D3-BF4B-00C04F79EFBC}") = "banze", "banze.csproj", "{18D17D8C-3D93-4005-8914-6E6C502FA06B}"
EndProject
Global
	GlobalSection(SolutionConfigurationPlatforms) = preSolution
		Debug|Any CPU = Debug|Any CPU
		Release|Any CPU = Release|Any CPU
	EndGlobalSection
	GlobalSection(ProjectConfigurationPlatforms) = postSolution
		{18D17D8C-3D93-4005-8914-6E6C502FA06B}.Debug|Any CPU.ActiveCfg = Debug|Any CPU
		{18D17D8C-3D93-4005-8914-6E6C502FA06B}.Debug|Any CPU.Build.0 = Debug|Any CPU
		{18D17D8C-3D93-4005-8914-6E6C502FA06B}.Release|Any CPU.ActiveCfg = Release|Any CPU
		{18D17D8C-3D93-4005-8914-6E6C502FA06B}.Release|Any CPU.Build.0 = Release|Any CPU
	EndGlobalSection
EndGlobal
